Microsoft Visual Studio Solution File, Format Version 12.00
# Visual Studio Version 17
VisualStudioVersion = 17.5.2.0
MinimumVisualStudioVersion = 10.0.40219.1
Project("{FAE04EC0-301F-11D3-BF4B-00C04F79EFBC}") = "10-an_example_tower", "10-an_example_tower.csproj", "{BA55F318-1B2C-295F-A158-9D85A2B6AE71}"
EndProject
Global
	GlobalSection(SolutionConfigurationPlatforms) = preSolution
		Debug|Any CPU = Debug|Any CPU
		Release|Any CPU = Release|Any CPU
	EndGlobalSection
	GlobalSection(ProjectConfigurationPlatforms) = postSolution
		{BA55F318-1B2C-295F-A158-9D85A2B6AE71}.Debug|Any CPU.ActiveCfg = Debug|Any CPU
		{BA55F318-1B2C-295F-A158-9D85A2B6AE71}.Debug|Any CPU.Build.0 = Debug|Any CPU
		{BA55F318-1B2C-295F-A158-9D85A2B6AE71}.Release|Any CPU.ActiveCfg = Release|Any CPU
		{BA55F318-1B2C-295F-A158-9D85A2B6AE71}.Release|Any CPU.Build.0 = Release|Any CPU
	EndGlobalSection
	GlobalSection(SolutionProperties) = preSolution
		HideSolutionNode = FALSE
	EndGlobalSection
	GlobalSection(ExtensibilityGlobals) = postSolution
		SolutionGuid = {4F8719DA-AE33-4A01-9FCE-135DC2E6299A}
	EndGlobalSection
EndGlobal
